
Microsoft Visual Studio Solution File, Format Version 12.00
# Visual Studio Version 17
VisualStudioVersion = 17.8.34316.72
MinimumVisualStudioVersion = 10.0.40219.1
Project("{FAE04EC0-301F-11D3-BF4B-00C04F79EFBC}") = "AdventOfCode2023", "AdventOfCode2023\AdventOfCode2023.csproj", "{674C786A-70BF-4DCE-9C33-08A657CC3548}"
EndProject
Project("{FAE04EC0-301F-11D3-BF4B-00C04F79EFBC}") = "AdventOfCode2023.Tests", "AdventOfCode2023.Tests\AdventOfCode2023.Tests.csproj", "{6BEDA240-196C-4278-8AA6-6A520F03E404}"
EndProject
Global
	GlobalSection(SolutionConfigurationPlatforms) = preSolution
		Debug|Any CPU = Debug|Any CPU
		Release|Any CPU = Release|Any CPU
	EndGlobalSection
	GlobalSection(ProjectConfigurationPlatforms) = postSolution
		{674C786A-70BF-4DCE-9C33-08A657CC3548}.Debug|Any CPU.ActiveCfg = Debug|Any CPU
		{674C786A-70BF-4DCE-9C33-08A657CC3548}.Debug|Any CPU.Build.0 = Debug|Any CPU
		{674C786A-70BF-4DCE-9C33-08A657CC3548}.Release|Any CPU.ActiveCfg = Release|Any CPU
		{674C786A-70BF-4DCE-9C33-08A657CC3548}.Release|Any CPU.Build.0 = Release|Any CPU
		{6BEDA240-196C-4278-8AA6-6A520F03E404}.Debug|Any CPU.ActiveCfg = Debug|Any CPU
		{6BEDA240-196C-4278-8AA6-6A520F03E404}.Debug|Any CPU.Build.0 = Debug|Any CPU
		{6BEDA240-196C-4278-8AA6-6A520F03E404}.Release|Any CPU.ActiveCfg = Release|Any CPU
		{6BEDA240-196C-4278-8AA6-6A520F03E404}.Release|Any CPU.Build.0 = Release|Any CPU
	EndGlobalSection
	GlobalSection(SolutionProperties) = preSolution
		HideSolutionNode = FALSE
	EndGlobalSection
	GlobalSection(ExtensibilityGlobals) = postSolution
		SolutionGuid = {DCE912E0-31FF-4C8F-92DC-41C33C314190}
	EndGlobalSection
EndGlobal
